<?xml version="1.0" encoding="utf-8"?>
<Project ToolsVersion="4.0" xmlns="http://schemas.microsoft.com/developer/msbuild/2003">
  <ItemGroup>
    <Filter Include="Source Files">
      <UniqueIdentifier>{4FC737F1-C7A5-4376-A066-2A32D752A2FF}</UniqueIdentifier>
      <Extensions>cpp;c;cc;cxx;c++;cppm;ixx;def;odl;idl;hpj;bat;asm;asmx</Extensions>
    </Filter>
    <Filter Include="Header Files">
      <UniqueIdentifier>{93995380-89BD-4b04-88EB-625FBE52EBFB}</UniqueIdentifier>
      <Extensions>h;hh;hpp;hxx;h++;hm;inl;inc;ipp;xsd</Extensions>
    </Filter>
    <Filter Include="Resource Files">
      <UniqueIdentifier>{67DA6AB6-F800-4c08-8B7A-83BB121AAD01}</UniqueIdentifier>
      <Extensions>rc;ico;cur;bmp;dlg;rc2;rct;bin;rgs;gif;jpg;jpeg;jpe;resx;tiff;tif;png;wav;mfcribbon-ms</Extensions>
    </Filter>
    <Filter Include="Header Files\Util">
      <UniqueIdentifier>{74fbe0de-f915-4f24-a91d-747114916b67}</UniqueIdentifier>
    </Filter>
    <Filter Include="Source Files\Utils">
      <UniqueIdentifier>{2b793dc4-93cd-4f50-804e-b9eae965c60e}</UniqueIdentifier>
    </Filter>
    <Filter Include="Source Files\Algos">
      <UniqueIdentifier>{2c0bd2aa-6c38-4a21-999d-8a99c773ba33}</UniqueIdentifier>
    </Filter>
    <Filter Include="Tests">
      <UniqueIdentifier>{68ad53fe-e48c-4d10-93bc-ed6876f49d05}</UniqueIdentifier>
    </Filter>
    <Filter Include="Header Files\Algos">
      <UniqueIdentifier>{89b15c6c-26dd-4abe-a570-f2bd9f0f0a36}</UniqueIdentifier>
    </Filter>
    <Filter Include="Docs">
      <UniqueIdentifier>{d55337e5-92e6-4a2c-933a-2c921d302f7b}</UniqueIdentifier>
    </Filter>
  </ItemGroup>
  <ItemGroup>
    <ClCompile Include="StratChessEvolved.cpp">
      <Filter>Source Files</Filter>
    </ClCompile>
    <ClCompile Include="..\StratEngine\UCIHandler.cpp">
      <Filter>Source Files</Filter>
    </ClCompile>
    <ClCompile Include="..\StratEngine\Board.cpp">
      <Filter>Source Files</Filter>
    </ClCompile>
    <ClCompile Include="..\StratEngine\Config.cpp">
      <Filter>Source Files</Filter>
    </ClCompile>
    <ClCompile Include="..\StratEngine\Eval.cpp">
      <Filter>Source Files</Filter>
    </ClCompile>
    <ClCompile Include="..\StratEngine\Game.cpp">
      <Filter>Source Files</Filter>
    </ClCompile>
    <ClCompile Include="..\StratEngine\Move.cpp">
      <Filter>Source Files</Filter>
    </ClCompile>
    <ClCompile Include="..\StratEngine\MoveFormatter.cpp">
      <Filter>Source Files</Filter>
    </ClCompile>
    <ClCompile Include="..\StratEngine\MoveGenerator.cpp">
      <Filter>Source Files</Filter>
    </ClCompile>
    <ClCompile Include="..\StratEngine\SearchLimits.cpp">
      <Filter>Source Files</Filter>
    </ClCompile>
    <ClCompile Include="..\StratEngine\Sort.cpp">
      <Filter>Source Files</Filter>
    </ClCompile>
    <ClCompile Include="..\StratEngine\StdAfx.cpp">
      <Filter>Source Files</Filter>
    </ClCompile>
    <ClCompile Include="..\StratEngine\TranspositionTable.cpp">
      <Filter>Source Files</Filter>
    </ClCompile>
    <ClCompile Include="..\StratEngine\Utils\Logger.cpp">
      <Filter>Source Files\Utils</Filter>
    </ClCompile>
    <ClCompile Include="..\StratEngine\Utils\TimeUtils.cpp">
      <Filter>Source Files\Utils</Filter>
    </ClCompile>
    <ClCompile Include="..\StratEngine\ABIterative.cpp">
      <Filter>Source Files\Algos</Filter>
    </ClCompile>
    <ClCompile Include="..\StratEngine\AIAgent.cpp">
      <Filter>Source Files\Algos</Filter>
    </ClCompile>
    <ClCompile Include="..\StratEngine\AIBasic.cpp">
      <Filter>Source Files\Algos</Filter>
    </ClCompile>
    <ClCompile Include="..\StratEngine\AIPerplex.cpp">
      <Filter>Source Files\Algos</Filter>
    </ClCompile>
    <ClCompile Include="..\StratEngine\Utils\FENParser.cpp">
      <Filter>Source Files\Utils</Filter>
    </ClCompile>
    <ClCompile Include="..\StratEngine\Tests\Perft.cpp">
      <Filter>Tests</Filter>
    </ClCompile>
    <ClCompile Include="..\StratEngine\Tests\PerftRunner.cpp">
      <Filter>Tests</Filter>
    </ClCompile>
    <ClCompile Include="..\StratEngine\Tests\TacticalTestRunner.cpp">
      <Filter>Tests</Filter>
    </ClCompile>
    <ClCompile Include="..\StratEngine\PlayerAI.cpp">
      <Filter>Source Files\Algos</Filter>
    </ClCompile>
    <ClCompile Include="..\StratEngine\PlayerBase.cpp">
      <Filter>Source Files\Algos</Filter>
    </ClCompile>
    <ClCompile Include="..\StratEngine\PlayerHuman.cpp">
      <Filter>Source Files\Algos</Filter>
    </ClCompile>
  </ItemGroup>
  <ItemGroup>
    <ClInclude Include="..\StratEngine\BitBoardHelper.h">
      <Filter>Header Files</Filter>
    </ClInclude>
    <ClInclude Include="..\StratEngine\Board.h">
      <Filter>Header Files</Filter>
    </ClInclude>
    <ClInclude Include="..\StratEngine\Config.h">
      <Filter>Header Files</Filter>
    </ClInclude>
    <ClInclude Include="..\StratEngine\defines.h">
      <Filter>Header Files</Filter>
    </ClInclude>
    <ClInclude Include="..\StratEngine\Eval.h">
      <Filter>Header Files</Filter>
    </ClInclude>
    <ClInclude Include="..\StratEngine\Game.h">
      <Filter>Header Files</Filter>
    </ClInclude>
    <ClInclude Include="..\StratEngine\Magic.h">
      <Filter>Header Files</Filter>
    </ClInclude>
    <ClInclude Include="..\StratEngine\Move.h">
      <Filter>Header Files</Filter>
    </ClInclude>
    <ClInclude Include="..\StratEngine\MoveFormatter.h">
      <Filter>Header Files</Filter>
    </ClInclude>
    <ClInclude Include="..\StratEngine\MoveGenerator.h">
      <Filter>Header Files</Filter>
    </ClInclude>
    <ClInclude Include="..\StratEngine\MoveHelper.h">
      <Filter>Header Files</Filter>
    </ClInclude>
    <ClInclude Include="..\StratEngine\PieceHelper.h">
      <Filter>Header Files</Filter>
    </ClInclude>
    <ClInclude Include="..\StratEngine\PlayerBase.h">
      <Filter>Header Files</Filter>
    </ClInclude>
    <ClInclude Include="..\StratEngine\PlayerHuman.h">
      <Filter>Header Files</Filter>
    </ClInclude>
    <ClInclude Include="..\StratEngine\Sort.h">
      <Filter>Header Files</Filter>
    </ClInclude>
    <ClInclude Include="..\StratEngine\SquareHelper.h">
      <Filter>Header Files</Filter>
    </ClInclude>
    <ClInclude Include="..\StratEngine\StdAfx.h">
      <Filter>Header Files</Filter>
    </ClInclude>
    <ClInclude Include="..\StratEngine\Utils\BitTools.h">
      <Filter>Header Files\Util</Filter>
    </ClInclude>
    <ClInclude Include="..\StratEngine\Utils\StrHelper.h">
      <Filter>Header Files\Util</Filter>
    </ClInclude>
    <ClInclude Include="..\StratEngine\Utils\Subscriber.h">
      <Filter>Header Files\Util</Filter>
    </ClInclude>
    <ClInclude Include="..\StratEngine\ThreadData.h">
      <Filter>Header Files</Filter>
    </ClInclude>
    <ClInclude Include="..\StratEngine\TranspositionTable.h">
      <Filter>Header Files</Filter>
    </ClInclude>
    <ClInclude Include="..\StratEngine\Utils\Logger.h">
      <Filter>Header Files\Util</Filter>
    </ClInclude>
    <ClInclude Include="..\StratEngine\Utils\TimeManager.h">
      <Filter>Header Files\Util</Filter>
    </ClInclude>
    <ClInclude Include="..\StratEngine\Utils\TimeUtils.h">
      <Filter>Header Files\Util</Filter>
    </ClInclude>
    <ClInclude Include="..\StratEngine\PVTable.h">
      <Filter>Header Files</Filter>
    </ClInclude>
    <ClInclude Include="..\StratEngine\SearchLimits.h">
      <Filter>Header Files</Filter>
    </ClInclude>
    <ClInclude Include="..\StratEngine\Utils\FENParser.h">
      <Filter>Header Files\Util</Filter>
    </ClInclude>
    <ClInclude Include="..\StratEngine\Utils\FenBatch.h">
      <Filter>Header Files\Util</Filter>
    </ClInclude>
    <ClInclude Include="..\StratEngine\Tests\Perft.h">
      <Filter>Tests</Filter>
    </ClInclude>
    <ClInclude Include="..\StratEngine\Tests\TacticalTestRunner.h">
      <Filter>Tests</Filter>
    </ClInclude>
    <ClInclude Include="..\StratEngine\MoveFactory.h">
      <Filter>Header Files</Filter>
    </ClInclude>
    <ClInclude Include="..\StratEngine\ABIterative.h">
      <Filter>Header Files\Algos</Filter>
    </ClInclude>
    <ClInclude Include="..\StratEngine\AIAgent.h">
      <Filter>Header Files\Algos</Filter>
    </ClInclude>
    <ClInclude Include="..\StratEngine\AIBasic.h">
      <Filter>Header Files\Algos</Filter>
    </ClInclude>
    <ClInclude Include="..\StratEngine\AIPerplex.h">
      <Filter>Header Files\Algos</Filter>
    </ClInclude>
    <ClInclude Include="..\StratEngine\GameState.h">
      <Filter>Header Files</Filter>
    </ClInclude>
    <ClInclude Include="..\StratEngine\Utils\Formatters.h">
      <Filter>Header Files\Util</Filter>
    </ClInclude>
    <ClInclude Include="..\StratEngine\IPlayer.h">
      <Filter>Header Files\Algos</Filter>
    </ClInclude>
    <ClInclude Include="..\StratEngine\PlayerAI.h">
      <Filter>Header Files\Algos</Filter>
    </ClInclude>
    <ClInclude Include="..\StratEngine\PlayerAiIterBase.h">
      <Filter>Header Files\Algos</Filter>
    </ClInclude>
    <ClInclude Include="..\StratEngine\UCIHandler.h">
      <Filter>Header Files</Filter>
    </ClInclude>
  </ItemGroup>
  <ItemGroup>
    <None Include="game_settings.json">
      <Filter>Resource Files</Filter>
    </None>
    <None Include="..\Tests\perft_test_cases.json">
      <Filter>Resource Files</Filter>
    </None>
    <None Include="..\Docs\Developer Guidelines.md">
      <Filter>Docs</Filter>
    </None>
    <None Include="..\Docs\Devlog.md">
      <Filter>Docs</Filter>
    </None>
    <None Include="..\Docs\Engine-Readme.md">
      <Filter>Docs</Filter>
    </None>
    <None Include="..\Docs\Improving Chess Engine ELO rating.md">
      <Filter>Docs</Filter>
    </None>
    <None Include="..\Docs\Roadmap.md">
      <Filter>Docs</Filter>
    </None>
    <None Include="..\Docs\TestDesign.md">
      <Filter>Docs</Filter>
    </None>
  </ItemGroup>
</Project>